
Microsoft Visual Studio Solution File, Format Version 12.00
# Visual Studio Version 16
VisualStudioVersion = 16.0.31402.337
MinimumVisualStudioVersion = 10.0.40219.1
Project("{FAE04EC0-301F-11D3-BF4B-00C04F79EFBC}") = "DDDInPractice.Tests", "DDDInPracticeTests\DDDInPractice.Tests.csproj", "{A3503E0D-B25A-4D21-977B-0EF9C08CB2BF}"
EndProject
Global
	GlobalSection(SolutionConfigurationPlatforms) = preSolution
		Debug|Any CPU = Debug|Any CPU
		Release|Any CPU = Release|Any CPU
	EndGlobalSection
	GlobalSection(ProjectConfigurationPlatforms) = postSolution
		{A3503E0D-B25A-4D21-977B-0EF9C08CB2BF}.Debug|Any CPU.ActiveCfg = Debug|Any CPU
		{A3503E0D-B25A-4D21-977B-0EF9C08CB2BF}.Debug|Any CPU.Build.0 = Debug|Any CPU
		{A3503E0D-B25A-4D21-977B-0EF9C08CB2BF}.Release|Any CPU.ActiveCfg = Release|Any CPU
		{A3503E0D-B25A-4D21-977B-0EF9C08CB2BF}.Release|Any CPU.Build.0 = Release|Any CPU
	EndGlobalSection
	GlobalSection(SolutionProperties) = preSolution
		HideSolutionNode = FALSE
	EndGlobalSection
	GlobalSection(ExtensibilityGlobals) = postSolution
		SolutionGuid = {B14CB66B-FFCD-498B-B55D-836A1B51E29F}
	EndGlobalSection
EndGlobal
